
Microsoft Visual Studio Solution File, Format Version 12.00
# Visual Studio Version 16
VisualStudioVersion = 16.0.30907.101
MinimumVisualStudioVersion = 10.0.40219.1
Project("{FAE04EC0-301F-11D3-BF4B-00C04F79EFBC}") = "SIP01", "SIP01\SIP01.csproj", "{12F64C90-0FE8-4133-A61E-BBFADDA34B26}"
EndProject
Global
	GlobalSection(SolutionConfigurationPlatforms) = preSolution
		Debug|Any CPU = Debug|Any CPU
		Release|Any CPU = Release|Any CPU
	EndGlobalSection
	GlobalSection(ProjectConfigurationPlatforms) = postSolution
		{12F64C90-0FE8-4133-A61E-BBFADDA34B26}.Debug|Any CPU.ActiveCfg = Debug|Any CPU
		{12F64C90-0FE8-4133-A61E-BBFADDA34B26}.Debug|Any CPU.Build.0 = Debug|Any CPU
		{12F64C90-0FE8-4133-A61E-BBFADDA34B26}.Release|Any CPU.ActiveCfg = Release|Any CPU
		{12F64C90-0FE8-4133-A61E-BBFADDA34B26}.Release|Any CPU.Build.0 = Release|Any CPU
	EndGlobalSection
	GlobalSection(SolutionProperties) = preSolution
		HideSolutionNode = FALSE
	EndGlobalSection
	GlobalSection(ExtensibilityGlobals) = postSolution
		SolutionGuid = {99E40E80-3B6D-4F33-B171-FDDCC3434E1A}
	EndGlobalSection
EndGlobal
